{
    "_meta": {
        "hash": {
            "sha256": "16d545088fc527bfac77749d4b3a8993c41d8e81206fda7a1547c73cd8f7bdc4"
        },
        "pipfile-spec": 6,
        "requires": {
            "python_version": "3.9"
        },
        "sources": [
            {
                "name": "pypi",
                "url": "https://pypi.org/simple",
                "verify_ssl": true
            }
        ]
    },
    "default": {
        "python-dotenv": {
            "hashes": [
                "sha256:1684eb44636dd462b66c3ee016599815514527ad99965de77f43e0944634a7e5",
                "sha256:b77d08274639e3d34145dfa6c7008e66df0f04b7be7a75fd0d5292c191d79045"
            ],
            "index": "pypi",
            "version": "==0.21.0"
        },
        "slack-bolt": {
            "hashes": [
                "sha256:96b584c0f568fa0be5c8177cc5628a7772ff28067fc5a6bfc174d170048a36e5",
                "sha256:ecef3da9b7c98b0d4333141c461caa405fb62f4b79a7bead6a35445164473cf7"
            ],
            "index": "pypi",
            "version": "==1.16.1"
        },
        "slack-sdk": {
            "hashes": [
                "sha256:0b52bb32a87c71f638b9eb47e228dffeebf89de5e762684ef848276f9f186c84",
                "sha256:47fb4af596243fe6585a92f3034de21eb2104a55cc9fd59a92ef3af17cf9ddd8"
            ],
            "markers": "python_full_version >= '3.6.0'",
            "version": "==3.19.5"
        }
    },
    "develop": {
        "autopep8": {
            "hashes": [
                "sha256:be5bc98c33515b67475420b7b1feafc8d32c1a69862498eda4983b45bffd2687",
                "sha256:d27a8929d8dcd21c0f4b3859d2d07c6c25273727b98afc984c039df0f0d86566"
            ],
            "index": "pypi",
            "version": "==2.0.1"
        },
        "pycodestyle": {
            "hashes": [
                "sha256:347187bdb476329d98f695c213d7295a846d1152ff4fe9bacb8a9590b8ee7053",
                "sha256:8a4eaf0d0495c7395bdab3589ac2db602797d76207242c17d470186815706610"
            ],
            "markers": "python_version >= '3.6'",
            "version": "==2.10.0"
        },
        "tomli": {
            "hashes": [
                "sha256:939de3e7a6161af0c887ef91b7d41a53e7c5a1ca976325f429cb46ea9bc30ecc",
                "sha256:de526c12914f0c550d15924c62d72abc48d6fe7364aa87328337a31007fe8a4f"
            ],
            "markers": "python_version < '3.11'",
            "version": "==2.0.1"
        }
    }
}
